
Microsoft Visual Studio Solution File, Format Version 12.00
# Visual Studio Version 17
VisualStudioVersion = 17.0.31903.59
MinimumVisualStudioVersion = 10.0.40219.1
Project("{2150E333-8FDC-42A3-9474-1A3956D46DE8}") = "cmd", "cmd", "{EF081C5B-3EB7-4793-A3B4-500BB9EB31F1}"
EndProject
Project("{FAE04EC0-301F-11D3-BF4B-00C04F79EFBC}") = "pepin", "cmd\pepin\pepin.csproj", "{89CF6C5D-05A9-40ED-8087-FB265869D1A4}"
EndProject
Project("{2150E333-8FDC-42A3-9474-1A3956D46DE8}") = "pkg", "pkg", "{241E2334-DB9D-410E-85B6-EB1CFF98B1F3}"
EndProject
Project("{FAE04EC0-301F-11D3-BF4B-00C04F79EFBC}") = "pepinillo", "pkg\pepinillo\pepinillo.csproj", "{C3A6F255-F22C-4F56-86CE-628A8BD6A534}"
EndProject
Project("{FAE04EC0-301F-11D3-BF4B-00C04F79EFBC}") = "selenium_playwright", "pkg\selenium_playwright\selenium_playwright.csproj", "{D76FE90A-F67F-42C3-82A7-162D929F812E}"
EndProject
Project("{FAE04EC0-301F-11D3-BF4B-00C04F79EFBC}") = "Boa.Constrictor.Playwright", "pkg\Boa.Constrictor.Playwright\Boa.Constrictor.Playwright.csproj", "{E42E56E8-0B1A-4FB0-92E0-F7444217222D}"
EndProject
Project("{2150E333-8FDC-42A3-9474-1A3956D46DE8}") = "test", "test", "{3E8555CF-BB43-4A6D-80D1-8EA88EF579E9}"
EndProject
Project("{FAE04EC0-301F-11D3-BF4B-00C04F79EFBC}") = "PepinilloTest", "test\PepinilloTest\PepinilloTest.csproj", "{4B273035-AA8B-4BC3-AD78-12CF7E5E560B}"
EndProject
Global
	GlobalSection(SolutionConfigurationPlatforms) = preSolution
		Debug|Any CPU = Debug|Any CPU
		Release|Any CPU = Release|Any CPU
	EndGlobalSection
	GlobalSection(SolutionProperties) = preSolution
		HideSolutionNode = FALSE
	EndGlobalSection
	GlobalSection(ProjectConfigurationPlatforms) = postSolution
		{89CF6C5D-05A9-40ED-8087-FB265869D1A4}.Debug|Any CPU.ActiveCfg = Debug|Any CPU
		{89CF6C5D-05A9-40ED-8087-FB265869D1A4}.Debug|Any CPU.Build.0 = Debug|Any CPU
		{89CF6C5D-05A9-40ED-8087-FB265869D1A4}.Release|Any CPU.ActiveCfg = Release|Any CPU
		{89CF6C5D-05A9-40ED-8087-FB265869D1A4}.Release|Any CPU.Build.0 = Release|Any CPU
		{C3A6F255-F22C-4F56-86CE-628A8BD6A534}.Debug|Any CPU.ActiveCfg = Debug|Any CPU
		{C3A6F255-F22C-4F56-86CE-628A8BD6A534}.Debug|Any CPU.Build.0 = Debug|Any CPU
		{C3A6F255-F22C-4F56-86CE-628A8BD6A534}.Release|Any CPU.ActiveCfg = Release|Any CPU
		{C3A6F255-F22C-4F56-86CE-628A8BD6A534}.Release|Any CPU.Build.0 = Release|Any CPU
		{D76FE90A-F67F-42C3-82A7-162D929F812E}.Debug|Any CPU.ActiveCfg = Debug|Any CPU
		{D76FE90A-F67F-42C3-82A7-162D929F812E}.Debug|Any CPU.Build.0 = Debug|Any CPU
		{D76FE90A-F67F-42C3-82A7-162D929F812E}.Release|Any CPU.ActiveCfg = Release|Any CPU
		{D76FE90A-F67F-42C3-82A7-162D929F812E}.Release|Any CPU.Build.0 = Release|Any CPU
		{E42E56E8-0B1A-4FB0-92E0-F7444217222D}.Debug|Any CPU.ActiveCfg = Debug|Any CPU
		{E42E56E8-0B1A-4FB0-92E0-F7444217222D}.Debug|Any CPU.Build.0 = Debug|Any CPU
		{E42E56E8-0B1A-4FB0-92E0-F7444217222D}.Release|Any CPU.ActiveCfg = Release|Any CPU
		{E42E56E8-0B1A-4FB0-92E0-F7444217222D}.Release|Any CPU.Build.0 = Release|Any CPU
		{4B273035-AA8B-4BC3-AD78-12CF7E5E560B}.Debug|Any CPU.ActiveCfg = Debug|Any CPU
		{4B273035-AA8B-4BC3-AD78-12CF7E5E560B}.Debug|Any CPU.Build.0 = Debug|Any CPU
		{4B273035-AA8B-4BC3-AD78-12CF7E5E560B}.Release|Any CPU.ActiveCfg = Release|Any CPU
		{4B273035-AA8B-4BC3-AD78-12CF7E5E560B}.Release|Any CPU.Build.0 = Release|Any CPU
	EndGlobalSection
	GlobalSection(NestedProjects) = preSolution
		{89CF6C5D-05A9-40ED-8087-FB265869D1A4} = {EF081C5B-3EB7-4793-A3B4-500BB9EB31F1}
		{C3A6F255-F22C-4F56-86CE-628A8BD6A534} = {241E2334-DB9D-410E-85B6-EB1CFF98B1F3}
		{D76FE90A-F67F-42C3-82A7-162D929F812E} = {241E2334-DB9D-410E-85B6-EB1CFF98B1F3}
		{E42E56E8-0B1A-4FB0-92E0-F7444217222D} = {241E2334-DB9D-410E-85B6-EB1CFF98B1F3}
		{4B273035-AA8B-4BC3-AD78-12CF7E5E560B} = {3E8555CF-BB43-4A6D-80D1-8EA88EF579E9}
	EndGlobalSection
EndGlobal
